// !$*UTF8*$!
{
	archiveVersion = 1;
	classes = {
	};
	objectVersion = 55;
	objects = {

/* Begin PBXBuildFile section */
		001A4BCD28170017009B03FD /* FilmNetworking.swift in Sources */ = {isa = PBXBuildFile; fileRef = 001A4BCC28170017009B03FD /* FilmNetworking.swift */; };
		001A4BCF281708A8009B03FD /* People.swift in Sources */ = {isa = PBXBuildFile; fileRef = 001A4BCE281708A8009B03FD /* People.swift */; };
		001A4BD228170919009B03FD /* peopleDescription.swift in Sources */ = {isa = PBXBuildFile; fileRef = 001A4BD128170919009B03FD /* peopleDescription.swift */; };
		001A4BD42817098D009B03FD /* StarshipNetworking.swift in Sources */ = {isa = PBXBuildFile; fileRef = 001A4BD32817098D009B03FD /* StarshipNetworking.swift */; };
		001A4BD6281709D8009B03FD /* SpeciesNetworking.swift in Sources */ = {isa = PBXBuildFile; fileRef = 001A4BD5281709D8009B03FD /* SpeciesNetworking.swift */; };
		001A4BD828170A09009B03FD /* VehicleNetworking.swift in Sources */ = {isa = PBXBuildFile; fileRef = 001A4BD728170A09009B03FD /* VehicleNetworking.swift */; };
		00233E242806F58600D731E7 /* AppDelegate.swift in Sources */ = {isa = PBXBuildFile; fileRef = 00233E232806F58600D731E7 /* AppDelegate.swift */; };
		00233E262806F58600D731E7 /* SceneDelegate.swift in Sources */ = {isa = PBXBuildFile; fileRef = 00233E252806F58600D731E7 /* SceneDelegate.swift */; };
		00233E2D2806F58B00D731E7 /* Assets.xcassets in Resources */ = {isa = PBXBuildFile; fileRef = 00233E2C2806F58B00D731E7 /* Assets.xcassets */; };
		00233E302806F58B00D731E7 /* LaunchScreen.storyboard in Resources */ = {isa = PBXBuildFile; fileRef = 00233E2E2806F58B00D731E7 /* LaunchScreen.storyboard */; };
		0034214B2810279F006B6E43 /* PersonInfoTableVC.swift in Sources */ = {isa = PBXBuildFile; fileRef = 0034214A2810279F006B6E43 /* PersonInfoTableVC.swift */; };
		0034214F28106DBA006B6E43 /* FilmNetworkResponse.swift in Sources */ = {isa = PBXBuildFile; fileRef = 0034214E28106DBA006B6E43 /* FilmNetworkResponse.swift */; };
		005ACA82280D7C8A00B4A0E8 /* PlanetInfoTableVC.swift in Sources */ = {isa = PBXBuildFile; fileRef = 005ACA81280D7C8A00B4A0E8 /* PlanetInfoTableVC.swift */; };
		006F37AE2808BD9200A9AA0E /* planetDescription.swift in Sources */ = {isa = PBXBuildFile; fileRef = 006F37AD2808BD9200A9AA0E /* planetDescription.swift */; };
		0085CA15280DB6780031EE6F /* storageURLStrings.swift in Sources */ = {isa = PBXBuildFile; fileRef = 0085CA14280DB6780031EE6F /* storageURLStrings.swift */; };
		008D173E2810873F00137DA7 /* PeopleNetworking.swift in Sources */ = {isa = PBXBuildFile; fileRef = 008D173D2810873F00137DA7 /* PeopleNetworking.swift */; };
		008D17402810893D00137DA7 /* FilmInfoTableVC.swift in Sources */ = {isa = PBXBuildFile; fileRef = 008D173F2810893D00137DA7 /* FilmInfoTableVC.swift */; };
		009966B42816F858007C8245 /* StarshipNetworkResponse.swift in Sources */ = {isa = PBXBuildFile; fileRef = 009966B32816F858007C8245 /* StarshipNetworkResponse.swift */; };
		009966B62816F9C4007C8245 /* SpeciesNetworkResponse.swift in Sources */ = {isa = PBXBuildFile; fileRef = 009966B52816F9C4007C8245 /* SpeciesNetworkResponse.swift */; };
		009966B82816FA17007C8245 /* VehicleNetworkResponse.swift in Sources */ = {isa = PBXBuildFile; fileRef = 009966B72816FA17007C8245 /* VehicleNetworkResponse.swift */; };
		00ABF5BD280D96B6008528BC /* PeopleNetworkResponse.swift in Sources */ = {isa = PBXBuildFile; fileRef = 00ABF5BC280D96B6008528BC /* PeopleNetworkResponse.swift */; };
		00E16F362806F813009E0DAE /* Networking.swift in Sources */ = {isa = PBXBuildFile; fileRef = 00E16F352806F813009E0DAE /* Networking.swift */; };
		00F090CD2808837B00318A3F /* PlanetNetworkResponse.swift in Sources */ = {isa = PBXBuildFile; fileRef = 00F090CC2808837B00318A3F /* PlanetNetworkResponse.swift */; };
		00FC48662809E261006D940A /* PlanetsNetworking.swift in Sources */ = {isa = PBXBuildFile; fileRef = 00FC48652809E261006D940A /* PlanetsNetworking.swift */; };
		00FC48682809E2D7006D940A /* PlanetsTableVC.swift in Sources */ = {isa = PBXBuildFile; fileRef = 00FC48672809E2D7006D940A /* PlanetsTableVC.swift */; };
/* End PBXBuildFile section */

/* Begin PBXFileReference section */
		001A4BCC28170017009B03FD /* FilmNetworking.swift */ = {isa = PBXFileReference; lastKnownFileType = sourcecode.swift; path = FilmNetworking.swift; sourceTree = "<group>"; };
		001A4BCE281708A8009B03FD /* People.swift */ = {isa = PBXFileReference; lastKnownFileType = sourcecode.swift; path = People.swift; sourceTree = "<group>"; };
		001A4BD128170919009B03FD /* peopleDescription.swift */ = {isa = PBXFileReference; lastKnownFileType = sourcecode.swift; path = peopleDescription.swift; sourceTree = "<group>"; };
		001A4BD32817098D009B03FD /* StarshipNetworking.swift */ = {isa = PBXFileReference; lastKnownFileType = sourcecode.swift; path = StarshipNetworking.swift; sourceTree = "<group>"; };
		001A4BD5281709D8009B03FD /* SpeciesNetworking.swift */ = {isa = PBXFileReference; lastKnownFileType = sourcecode.swift; path = SpeciesNetworking.swift; sourceTree = "<group>"; };
		001A4BD728170A09009B03FD /* VehicleNetworking.swift */ = {isa = PBXFileReference; lastKnownFileType = sourcecode.swift; path = VehicleNetworking.swift; sourceTree = "<group>"; };
		00233E202806F58600D731E7 /* SWAPI.app */ = {isa = PBXFileReference; explicitFileType = wrapper.application; includeInIndex = 0; path = SWAPI.app; sourceTree = BUILT_PRODUCTS_DIR; };
		00233E232806F58600D731E7 /* AppDelegate.swift */ = {isa = PBXFileReference; lastKnownFileType = sourcecode.swift; path = AppDelegate.swift; sourceTree = "<group>"; };
		00233E252806F58600D731E7 /* SceneDelegate.swift */ = {isa = PBXFileReference; lastKnownFileType = sourcecode.swift; path = SceneDelegate.swift; sourceTree = "<group>"; };
		00233E2C2806F58B00D731E7 /* Assets.xcassets */ = {isa = PBXFileReference; lastKnownFileType = folder.assetcatalog; path = Assets.xcassets; sourceTree = "<group>"; };
		00233E2F2806F58B00D731E7 /* Base */ = {isa = PBXFileReference; lastKnownFileType = file.storyboard; name = Base; path = Base.lproj/LaunchScreen.storyboard; sourceTree = "<group>"; };
		00233E312806F58B00D731E7 /* Info.plist */ = {isa = PBXFileReference; lastKnownFileType = text.plist.xml; path = Info.plist; sourceTree = "<group>"; };
		0034214A2810279F006B6E43 /* PersonInfoTableVC.swift */ = {isa = PBXFileReference; lastKnownFileType = sourcecode.swift; path = PersonInfoTableVC.swift; sourceTree = "<group>"; };
		0034214E28106DBA006B6E43 /* FilmNetworkResponse.swift */ = {isa = PBXFileReference; lastKnownFileType = sourcecode.swift; path = FilmNetworkResponse.swift; sourceTree = "<group>"; };
		005ACA81280D7C8A00B4A0E8 /* PlanetInfoTableVC.swift */ = {isa = PBXFileReference; lastKnownFileType = sourcecode.swift; path = PlanetInfoTableVC.swift; sourceTree = "<group>"; };
		006F37AD2808BD9200A9AA0E /* planetDescription.swift */ = {isa = PBXFileReference; lastKnownFileType = sourcecode.swift; path = planetDescription.swift; sourceTree = "<group>"; };
		0085CA14280DB6780031EE6F /* storageURLStrings.swift */ = {isa = PBXFileReference; lastKnownFileType = sourcecode.swift; path = storageURLStrings.swift; sourceTree = "<group>"; };
		008D173D2810873F00137DA7 /* PeopleNetworking.swift */ = {isa = PBXFileReference; lastKnownFileType = sourcecode.swift; path = PeopleNetworking.swift; sourceTree = "<group>"; };
		008D173F2810893D00137DA7 /* FilmInfoTableVC.swift */ = {isa = PBXFileReference; lastKnownFileType = sourcecode.swift; path = FilmInfoTableVC.swift; sourceTree = "<group>"; };
		009966B32816F858007C8245 /* StarshipNetworkResponse.swift */ = {isa = PBXFileReference; lastKnownFileType = sourcecode.swift; path = StarshipNetworkResponse.swift; sourceTree = "<group>"; };
		009966B52816F9C4007C8245 /* SpeciesNetworkResponse.swift */ = {isa = PBXFileReference; lastKnownFileType = sourcecode.swift; path = SpeciesNetworkResponse.swift; sourceTree = "<group>"; };
		009966B72816FA17007C8245 /* VehicleNetworkResponse.swift */ = {isa = PBXFileReference; lastKnownFileType = sourcecode.swift; path = VehicleNetworkResponse.swift; sourceTree = "<group>"; };
		00ABF5BC280D96B6008528BC /* PeopleNetworkResponse.swift */ = {isa = PBXFileReference; lastKnownFileType = sourcecode.swift; path = PeopleNetworkResponse.swift; sourceTree = "<group>"; };
		00E16F352806F813009E0DAE /* Networking.swift */ = {isa = PBXFileReference; lastKnownFileType = sourcecode.swift; path = Networking.swift; sourceTree = "<group>"; };
		00F090CC2808837B00318A3F /* PlanetNetworkResponse.swift */ = {isa = PBXFileReference; lastKnownFileType = sourcecode.swift; path = PlanetNetworkResponse.swift; sourceTree = "<group>"; };
		00FC48652809E261006D940A /* PlanetsNetworking.swift */ = {isa = PBXFileReference; lastKnownFileType = sourcecode.swift; path = PlanetsNetworking.swift; sourceTree = "<group>"; };
		00FC48672809E2D7006D940A /* PlanetsTableVC.swift */ = {isa = PBXFileReference; lastKnownFileType = sourcecode.swift; path = PlanetsTableVC.swift; sourceTree = "<group>"; };
/* End PBXFileReference section */

/* Begin PBXFrameworksBuildPhase section */
		00233E1D2806F58600D731E7 /* Frameworks */ = {
			isa = PBXFrameworksBuildPhase;
			buildActionMask = 2147483647;
			files = (
			);
			runOnlyForDeploymentPostprocessing = 0;
		};
/* End PBXFrameworksBuildPhase section */

/* Begin PBXGroup section */
		001A4BD0281708AE009B03FD /* Models */ = {
			isa = PBXGroup;
			children = (
				001A4BCE281708A8009B03FD /* People.swift */,
			);
			path = Models;
			sourceTree = "<group>";
		};
		00233E172806F58600D731E7 = {
			isa = PBXGroup;
			children = (
				00233E222806F58600D731E7 /* SWAPI */,
				00233E212806F58600D731E7 /* Products */,
			);
			sourceTree = "<group>";
		};
		00233E212806F58600D731E7 /* Products */ = {
			isa = PBXGroup;
			children = (
				00233E202806F58600D731E7 /* SWAPI.app */,
			);
			name = Products;
			sourceTree = "<group>";
		};
		00233E222806F58600D731E7 /* SWAPI */ = {
			isa = PBXGroup;
			children = (
				001A4BD0281708AE009B03FD /* Models */,
				00ABF5BF280D9773008528BC /* Networking */,
				00ABF5BE280D9756008528BC /* Presenter */,
				00ABF5BB280D969B008528BC /* NetworkResponse */,
				00ABF5BA280D91EC008528BC /* VC */,
				00233E232806F58600D731E7 /* AppDelegate.swift */,
				0085CA14280DB6780031EE6F /* storageURLStrings.swift */,
				00233E252806F58600D731E7 /* SceneDelegate.swift */,
				00233E2C2806F58B00D731E7 /* Assets.xcassets */,
				00233E2E2806F58B00D731E7 /* LaunchScreen.storyboard */,
				00233E312806F58B00D731E7 /* Info.plist */,
			);
			path = SWAPI;
			sourceTree = "<group>";
		};
		00ABF5BA280D91EC008528BC /* VC */ = {
			isa = PBXGroup;
			children = (
				00FC48672809E2D7006D940A /* PlanetsTableVC.swift */,
				005ACA81280D7C8A00B4A0E8 /* PlanetInfoTableVC.swift */,
				0034214A2810279F006B6E43 /* PersonInfoTableVC.swift */,
				008D173F2810893D00137DA7 /* FilmInfoTableVC.swift */,
			);
			path = VC;
			sourceTree = "<group>";
		};
		00ABF5BB280D969B008528BC /* NetworkResponse */ = {
			isa = PBXGroup;
			children = (
				00F090CC2808837B00318A3F /* PlanetNetworkResponse.swift */,
				00ABF5BC280D96B6008528BC /* PeopleNetworkResponse.swift */,
				0034214E28106DBA006B6E43 /* FilmNetworkResponse.swift */,
				009966B32816F858007C8245 /* StarshipNetworkResponse.swift */,
				009966B52816F9C4007C8245 /* SpeciesNetworkResponse.swift */,
				009966B72816FA17007C8245 /* VehicleNetworkResponse.swift */,
			);
			path = NetworkResponse;
			sourceTree = "<group>";
		};
		00ABF5BE280D9756008528BC /* Presenter */ = {
			isa = PBXGroup;
			children = (
				006F37AD2808BD9200A9AA0E /* planetDescription.swift */,
				001A4BD128170919009B03FD /* peopleDescription.swift */,
			);
			path = Presenter;
			sourceTree = "<group>";
		};
		00ABF5BF280D9773008528BC /* Networking */ = {
			isa = PBXGroup;
			children = (
				00E16F352806F813009E0DAE /* Networking.swift */,
				00FC48652809E261006D940A /* PlanetsNetworking.swift */,
				008D173D2810873F00137DA7 /* PeopleNetworking.swift */,
				001A4BCC28170017009B03FD /* FilmNetworking.swift */,
				001A4BD32817098D009B03FD /* StarshipNetworking.swift */,
				001A4BD5281709D8009B03FD /* SpeciesNetworking.swift */,
				001A4BD728170A09009B03FD /* VehicleNetworking.swift */,
			);
			path = Networking;
			sourceTree = "<group>";
		};
/* End PBXGroup section */

/* Begin PBXNativeTarget section */
		00233E1F2806F58600D731E7 /* SWAPI */ = {
			isa = PBXNativeTarget;
			buildConfigurationList = 00233E342806F58B00D731E7 /* Build configuration list for PBXNativeTarget "SWAPI" */;
			buildPhases = (
				00233E1C2806F58600D731E7 /* Sources */,
				00233E1D2806F58600D731E7 /* Frameworks */,
				00233E1E2806F58600D731E7 /* Resources */,
			);
			buildRules = (
			);
			dependencies = (
			);
			name = SWAPI;
			productName = SWAPI;
			productReference = 00233E202806F58600D731E7 /* SWAPI.app */;
			productType = "com.apple.product-type.application";
		};
/* End PBXNativeTarget section */

/* Begin PBXProject section */
		00233E182806F58600D731E7 /* Project object */ = {
			isa = PBXProject;
			attributes = {
				BuildIndependentTargetsInParallel = 1;
				LastSwiftUpdateCheck = 1330;
				LastUpgradeCheck = 1330;
				TargetAttributes = {
					00233E1F2806F58600D731E7 = {
						CreatedOnToolsVersion = 13.3;
					};
				};
			};
			buildConfigurationList = 00233E1B2806F58600D731E7 /* Build configuration list for PBXProject "SWAPI" */;
			compatibilityVersion = "Xcode 13.0";
			developmentRegion = en;
			hasScannedForEncodings = 0;
			knownRegions = (
				en,
				Base,
			);
			mainGroup = 00233E172806F58600D731E7;
			productRefGroup = 00233E212806F58600D731E7 /* Products */;
			projectDirPath = "";
			projectRoot = "";
			targets = (
				00233E1F2806F58600D731E7 /* SWAPI */,
			);
		};
/* End PBXProject section */

/* Begin PBXResourcesBuildPhase section */
		00233E1E2806F58600D731E7 /* Resources */ = {
			isa = PBXResourcesBuildPhase;
			buildActionMask = 2147483647;
			files = (
				00233E302806F58B00D731E7 /* LaunchScreen.storyboard in Resources */,
				00233E2D2806F58B00D731E7 /* Assets.xcassets in Resources */,
			);
			runOnlyForDeploymentPostprocessing = 0;
		};
/* End PBXResourcesBuildPhase section */

/* Begin PBXSourcesBuildPhase section */
		00233E1C2806F58600D731E7 /* Sources */ = {
			isa = PBXSourcesBuildPhase;
			buildActionMask = 2147483647;
			files = (
				009966B82816FA17007C8245 /* VehicleNetworkResponse.swift in Sources */,
				0085CA15280DB6780031EE6F /* storageURLStrings.swift in Sources */,
				00233E242806F58600D731E7 /* AppDelegate.swift in Sources */,
				001A4BCD28170017009B03FD /* FilmNetworking.swift in Sources */,
				001A4BCF281708A8009B03FD /* People.swift in Sources */,
				008D173E2810873F00137DA7 /* PeopleNetworking.swift in Sources */,
				006F37AE2808BD9200A9AA0E /* planetDescription.swift in Sources */,
				001A4BD42817098D009B03FD /* StarshipNetworking.swift in Sources */,
				0034214F28106DBA006B6E43 /* FilmNetworkResponse.swift in Sources */,
				00FC48682809E2D7006D940A /* PlanetsTableVC.swift in Sources */,
				00233E262806F58600D731E7 /* SceneDelegate.swift in Sources */,
				009966B42816F858007C8245 /* StarshipNetworkResponse.swift in Sources */,
				00ABF5BD280D96B6008528BC /* PeopleNetworkResponse.swift in Sources */,
				0034214B2810279F006B6E43 /* PersonInfoTableVC.swift in Sources */,
				001A4BD828170A09009B03FD /* VehicleNetworking.swift in Sources */,
				00E16F362806F813009E0DAE /* Networking.swift in Sources */,
				005ACA82280D7C8A00B4A0E8 /* PlanetInfoTableVC.swift in Sources */,
				00FC48662809E261006D940A /* PlanetsNetworking.swift in Sources */,
				008D17402810893D00137DA7 /* FilmInfoTableVC.swift in Sources */,
				00F090CD2808837B00318A3F /* PlanetNetworkResponse.swift in Sources */,
				009966B62816F9C4007C8245 /* SpeciesNetworkResponse.swift in Sources */,
				001A4BD6281709D8009B03FD /* SpeciesNetworking.swift in Sources */,
				001A4BD228170919009B03FD /* peopleDescription.swift in Sources */,
			);
			runOnlyForDeploymentPostprocessing = 0;
		};
/* End PBXSourcesBuildPhase section */

/* Begin PBXVariantGroup section */
		00233E2E2806F58B00D731E7 /* LaunchScreen.storyboard */ = {
			isa = PBXVariantGroup;
			children = (
				00233E2F2806F58B00D731E7 /* Base */,
			);
			name = LaunchScreen.storyboard;
			sourceTree = "<group>";
		};
/* End PBXVariantGroup section */

/* Begin XCBuildConfiguration section */
		00233E322806F58B00D731E7 /* Debug */ = {
			isa = XCBuildConfiguration;
			buildSettings = {
				ALWAYS_SEARCH_USER_PATHS = NO;
				CLANG_ANALYZER_NONNULL = YES;
				CLANG_ANALYZER_NUMBER_OBJECT_CONVERSION = YES_AGGRESSIVE;
				CLANG_CXX_LANGUAGE_STANDARD = "gnu++17";
				CLANG_ENABLE_MODULES = YES;
				CLANG_ENABLE_OBJC_ARC = YES;
				CLANG_ENABLE_OBJC_WEAK = YES;
				CLANG_WARN_BLOCK_CAPTURE_AUTORELEASING = YES;
				CLANG_WARN_BOOL_CONVERSION = YES;
				CLANG_WARN_COMMA = YES;
				CLANG_WARN_CONSTANT_CONVERSION = YES;
				CLANG_WARN_DEPRECATED_OBJC_IMPLEMENTATIONS = YES;
				CLANG_WARN_DIRECT_OBJC_ISA_USAGE = YES_ERROR;
				CLANG_WARN_DOCUMENTATION_COMMENTS = YES;
				CLANG_WARN_EMPTY_BODY = YES;
				CLANG_WARN_ENUM_CONVERSION = YES;
				CLANG_WARN_INFINITE_RECURSION = YES;
				CLANG_WARN_INT_CONVERSION = YES;
				CLANG_WARN_NON_LITERAL_NULL_CONVERSION = YES;
				CLANG_WARN_OBJC_IMPLICIT_RETAIN_SELF = YES;
				CLANG_WARN_OBJC_LITERAL_CONVERSION = YES;
				CLANG_WARN_OBJC_ROOT_CLASS = YES_ERROR;
				CLANG_WARN_QUOTED_INCLUDE_IN_FRAMEWORK_HEADER = YES;
				CLANG_WARN_RANGE_LOOP_ANALYSIS = YES;
				CLANG_WARN_STRICT_PROTOTYPES = YES;
				CLANG_WARN_SUSPICIOUS_MOVE = YES;
				CLANG_WARN_UNGUARDED_AVAILABILITY = YES_AGGRESSIVE;
				CLANG_WARN_UNREACHABLE_CODE = YES;
				CLANG_WARN__DUPLICATE_METHOD_MATCH = YES;
				COPY_PHASE_STRIP = NO;
				DEBUG_INFORMATION_FORMAT = dwarf;
				ENABLE_STRICT_OBJC_MSGSEND = YES;
				ENABLE_TESTABILITY = YES;
				GCC_C_LANGUAGE_STANDARD = gnu11;
				GCC_DYNAMIC_NO_PIC = NO;
				GCC_NO_COMMON_BLOCKS = YES;
				GCC_OPTIMIZATION_LEVEL = 0;
				GCC_PREPROCESSOR_DEFINITIONS = (
					"DEBUG=1",
					"$(inherited)",
				);
				GCC_WARN_64_TO_32_BIT_CONVERSION = YES;
				GCC_WARN_ABOUT_RETURN_TYPE = YES_ERROR;
				GCC_WARN_UNDECLARED_SELECTOR = YES;
				GCC_WARN_UNINITIALIZED_AUTOS = YES_AGGRESSIVE;
				GCC_WARN_UNUSED_FUNCTION = YES;
				GCC_WARN_UNUSED_VARIABLE = YES;
				IPHONEOS_DEPLOYMENT_TARGET = 15.4;
				MTL_ENABLE_DEBUG_INFO = INCLUDE_SOURCE;
				MTL_FAST_MATH = YES;
				ONLY_ACTIVE_ARCH = YES;
				SDKROOT = iphoneos;
				SWIFT_ACTIVE_COMPILATION_CONDITIONS = DEBUG;
				SWIFT_OPTIMIZATION_LEVEL = "-Onone";
			};
			name = Debug;
		};
		00233E332806F58B00D731E7 /* Release */ = {
			isa = XCBuildConfiguration;
			buildSettings = {
				ALWAYS_SEARCH_USER_PATHS = NO;
				CLANG_ANALYZER_NONNULL = YES;
				CLANG_ANALYZER_NUMBER_OBJECT_CONVERSION = YES_AGGRESSIVE;
				CLANG_CXX_LANGUAGE_STANDARD = "gnu++17";
				CLANG_ENABLE_MODULES = YES;
				CLANG_ENABLE_OBJC_ARC = YES;
				CLANG_ENABLE_OBJC_WEAK = YES;
				CLANG_WARN_BLOCK_CAPTURE_AUTORELEASING = YES;
				CLANG_WARN_BOOL_CONVERSION = YES;
				CLANG_WARN_COMMA = YES;
				CLANG_WARN_CONSTANT_CONVERSION = YES;
				CLANG_WARN_DEPRECATED_OBJC_IMPLEMENTATIONS = YES;
				CLANG_WARN_DIRECT_OBJC_ISA_USAGE = YES_ERROR;
				CLANG_WARN_DOCUMENTATION_COMMENTS = YES;
				CLANG_WARN_EMPTY_BODY = YES;
				CLANG_WARN_ENUM_CONVERSION = YES;
				CLANG_WARN_INFINITE_RECURSION = YES;
				CLANG_WARN_INT_CONVERSION = YES;
				CLANG_WARN_NON_LITERAL_NULL_CONVERSION = YES;
				CLANG_WARN_OBJC_IMPLICIT_RETAIN_SELF = YES;
				CLANG_WARN_OBJC_LITERAL_CONVERSION = YES;
				CLANG_WARN_OBJC_ROOT_CLASS = YES_ERROR;
				CLANG_WARN_QUOTED_INCLUDE_IN_FRAMEWORK_HEADER = YES;
				CLANG_WARN_RANGE_LOOP_ANALYSIS = YES;
				CLANG_WARN_STRICT_PROTOTYPES = YES;
				CLANG_WARN_SUSPICIOUS_MOVE = YES;
				CLANG_WARN_UNGUARDED_AVAILABILITY = YES_AGGRESSIVE;
				CLANG_WARN_UNREACHABLE_CODE = YES;
				CLANG_WARN__DUPLICATE_METHOD_MATCH = YES;
				COPY_PHASE_STRIP = NO;
				DEBUG_INFORMATION_FORMAT = "dwarf-with-dsym";
				ENABLE_NS_ASSERTIONS = NO;
				ENABLE_STRICT_OBJC_MSGSEND = YES;
				GCC_C_LANGUAGE_STANDARD = gnu11;
				GCC_NO_COMMON_BLOCKS = YES;
				GCC_WARN_64_TO_32_BIT_CONVERSION = YES;
				GCC_WARN_ABOUT_RETURN_TYPE = YES_ERROR;
				GCC_WARN_UNDECLARED_SELECTOR = YES;
				GCC_WARN_UNINITIALIZED_AUTOS = YES_AGGRESSIVE;
				GCC_WARN_UNUSED_FUNCTION = YES;
				GCC_WARN_UNUSED_VARIABLE = YES;
				IPHONEOS_DEPLOYMENT_TARGET = 15.4;
				MTL_ENABLE_DEBUG_INFO = NO;
				MTL_FAST_MATH = YES;
				SDKROOT = iphoneos;
				SWIFT_COMPILATION_MODE = wholemodule;
				SWIFT_OPTIMIZATION_LEVEL = "-O";
				VALIDATE_PRODUCT = YES;
			};
			name = Release;
		};
		00233E352806F58B00D731E7 /* Debug */ = {
			isa = XCBuildConfiguration;
			buildSettings = {
				ASSETCATALOG_COMPILER_APPICON_NAME = AppIcon;
				ASSETCATALOG_COMPILER_GLOBAL_ACCENT_COLOR_NAME = AccentColor;
				CODE_SIGN_STYLE = Automatic;
				CURRENT_PROJECT_VERSION = 1;
				DEVELOPMENT_TEAM = 7CQ436Z988;
				GENERATE_INFOPLIST_FILE = YES;
				INFOPLIST_FILE = SWAPI/Info.plist;
				INFOPLIST_KEY_UIApplicationSupportsIndirectInputEvents = YES;
				INFOPLIST_KEY_UILaunchStoryboardName = LaunchScreen;
				INFOPLIST_KEY_UIMainStoryboardFile = LaunchScreen;
				INFOPLIST_KEY_UISupportedInterfaceOrientations_iPad = "UIInterfaceOrientationPortrait UIInterfaceOrientationPortraitUpsideDown UIInterfaceOrientationLandscapeLeft UIInterfaceOrientationLandscapeRight";
				INFOPLIST_KEY_UISupportedInterfaceOrientations_iPhone = "UIInterfaceOrientationPortrait UIInterfaceOrientationLandscapeLeft UIInterfaceOrientationLandscapeRight";
				LD_RUNPATH_SEARCH_PATHS = (
					"$(inherited)",
					"@executable_path/Frameworks",
				);
				MARKETING_VERSION = 1.0;
				PRODUCT_BUNDLE_IDENTIFIER = com.wheatley.SWAPI;
				PRODUCT_NAME = "$(TARGET_NAME)";
				SWIFT_EMIT_LOC_STRINGS = YES;
				SWIFT_VERSION = 5.0;
				TARGETED_DEVICE_FAMILY = 1;
			};
			name = Debug;
		};
		00233E362806F58B00D731E7 /* Release */ = {
			isa = XCBuildConfiguration;
			buildSettings = {
				ASSETCATALOG_COMPILER_APPICON_NAME = AppIcon;
				ASSETCATALOG_COMPILER_GLOBAL_ACCENT_COLOR_NAME = AccentColor;
				CODE_SIGN_STYLE = Automatic;
				CURRENT_PROJECT_VERSION = 1;
				DEVELOPMENT_TEAM = 7CQ436Z988;
				GENERATE_INFOPLIST_FILE = YES;
				INFOPLIST_FILE = SWAPI/Info.plist;
				INFOPLIST_KEY_UIApplicationSupportsIndirectInputEvents = YES;
				INFOPLIST_KEY_UILaunchStoryboardName = LaunchScreen;
				INFOPLIST_KEY_UIMainStoryboardFile = LaunchScreen;
				INFOPLIST_KEY_UISupportedInterfaceOrientations_iPad = "UIInterfaceOrientationPortrait UIInterfaceOrientationPortraitUpsideDown UIInterfaceOrientationLandscapeLeft UIInterfaceOrientationLandscapeRight";
				INFOPLIST_KEY_UISupportedInterfaceOrientations_iPhone = "UIInterfaceOrientationPortrait UIInterfaceOrientationLandscapeLeft UIInterfaceOrientationLandscapeRight";
				LD_RUNPATH_SEARCH_PATHS = (
					"$(inherited)",
					"@executable_path/Frameworks",
				);
				MARKETING_VERSION = 1.0;
				PRODUCT_BUNDLE_IDENTIFIER = com.wheatley.SWAPI;
				PRODUCT_NAME = "$(TARGET_NAME)";
				SWIFT_EMIT_LOC_STRINGS = YES;
				SWIFT_VERSION = 5.0;
				TARGETED_DEVICE_FAMILY = 1;
			};
			name = Release;
		};
/* End XCBuildConfiguration section */

/* Begin XCConfigurationList section */
		00233E1B2806F58600D731E7 /* Build configuration list for PBXProject "SWAPI" */ = {
			isa = XCConfigurationList;
			buildConfigurations = (
				00233E322806F58B00D731E7 /* Debug */,
				00233E332806F58B00D731E7 /* Release */,
			);
			defaultConfigurationIsVisible = 0;
			defaultConfigurationName = Release;
		};
		00233E342806F58B00D731E7 /* Build configuration list for PBXNativeTarget "SWAPI" */ = {
			isa = XCConfigurationList;
			buildConfigurations = (
				00233E352806F58B00D731E7 /* Debug */,
				00233E362806F58B00D731E7 /* Release */,
			);
			defaultConfigurationIsVisible = 0;
			defaultConfigurationName = Release;
		};
/* End XCConfigurationList section */
	};
	rootObject = 00233E182806F58600D731E7 /* Project object */;
}
